
Microsoft Visual Studio Solution File, Format Version 12.00
# Visual Studio Version 16
VisualStudioVersion = 16.0.29503.13
MinimumVisualStudioVersion = 10.0.40219.1
Project("{9A19103F-16F7-4668-BE54-9A1E7A4F7556}") = "Web", "src\Web\Web.csproj", "{E9F57C31-3AA7-45D7-809A-17FAA11CC59C}"
EndProject
Project("{9A19103F-16F7-4668-BE54-9A1E7A4F7556}") = "Core", "src\Core\Core.csproj", "{EC6DCC01-C4E5-49C8-BF35-CFA3AEECB4E9}"
EndProject
Project("{9A19103F-16F7-4668-BE54-9A1E7A4F7556}") = "Infra", "src\Infra\Infra.csproj", "{9D34F408-32E1-4C57-85D6-03DFD822C7EF}"
EndProject
Global
	GlobalSection(SolutionConfigurationPlatforms) = preSolution
		Debug|Any CPU = Debug|Any CPU
		Release|Any CPU = Release|Any CPU
	EndGlobalSection
	GlobalSection(ProjectConfigurationPlatforms) = postSolution
		{E9F57C31-3AA7-45D7-809A-17FAA11CC59C}.Debug|Any CPU.ActiveCfg = Debug|Any CPU
		{E9F57C31-3AA7-45D7-809A-17FAA11CC59C}.Debug|Any CPU.Build.0 = Debug|Any CPU
		{E9F57C31-3AA7-45D7-809A-17FAA11CC59C}.Release|Any CPU.ActiveCfg = Release|Any CPU
		{E9F57C31-3AA7-45D7-809A-17FAA11CC59C}.Release|Any CPU.Build.0 = Release|Any CPU
		{EC6DCC01-C4E5-49C8-BF35-CFA3AEECB4E9}.Debug|Any CPU.ActiveCfg = Debug|Any CPU
		{EC6DCC01-C4E5-49C8-BF35-CFA3AEECB4E9}.Debug|Any CPU.Build.0 = Debug|Any CPU
		{EC6DCC01-C4E5-49C8-BF35-CFA3AEECB4E9}.Release|Any CPU.ActiveCfg = Release|Any CPU
		{EC6DCC01-C4E5-49C8-BF35-CFA3AEECB4E9}.Release|Any CPU.Build.0 = Release|Any CPU
		{9D34F408-32E1-4C57-85D6-03DFD822C7EF}.Debug|Any CPU.ActiveCfg = Debug|Any CPU
		{9D34F408-32E1-4C57-85D6-03DFD822C7EF}.Debug|Any CPU.Build.0 = Debug|Any CPU
		{9D34F408-32E1-4C57-85D6-03DFD822C7EF}.Release|Any CPU.ActiveCfg = Release|Any CPU
		{9D34F408-32E1-4C57-85D6-03DFD822C7EF}.Release|Any CPU.Build.0 = Release|Any CPU
	EndGlobalSection
	GlobalSection(SolutionProperties) = preSolution
		HideSolutionNode = FALSE
	EndGlobalSection
	GlobalSection(ExtensibilityGlobals) = postSolution
		SolutionGuid = {516135AF-C215-483D-AEB3-34FCA9A1C506}
	EndGlobalSection
EndGlobal
